
Microsoft Visual Studio Solution File, Format Version 12.00
Project("{2150E333-8FDC-42A3-9474-1A3956D46DE8}") = "RabbitMq", "RabbitMq", "{0F54786D-AB46-46AC-88DF-BEB789A62C1F}"
EndProject
Project("{FAE04EC0-301F-11D3-BF4B-00C04F79EFBC}") = "Bss.Platform.RabbitMq", "Bss.Platform.RabbitMq\Bss.Platform.RabbitMq.csproj", "{860BFBD8-26EA-44F9-980E-21B828FC8F72}"
EndProject
Project("{FAE04EC0-301F-11D3-BF4B-00C04F79EFBC}") = "Bss.Platform.RabbitMq.Consumer", "Bss.Platform.RabbitMq.Consumer\Bss.Platform.RabbitMq.Consumer.csproj", "{EF6932F4-67BD-422D-B2D8-0DA4CE98181A}"
EndProject
Project("{2150E333-8FDC-42A3-9474-1A3956D46DE8}") = "NHibernate", "NHibernate", "{1E012CC2-9AD1-491A-9D6B-8E3215347B97}"
EndProject
Project("{FAE04EC0-301F-11D3-BF4B-00C04F79EFBC}") = "Bss.Platform.NHibernate.UnitTesting", "Bss.Platform.NHibernate.UnitTesting\Bss.Platform.NHibernate.UnitTesting.csproj", "{5B028860-35C4-43CF-AA63-830A66D83E46}"
EndProject
Project("{2150E333-8FDC-42A3-9474-1A3956D46DE8}") = "Tests", "Tests", "{C53E37ED-7EFD-4383-9D89-A3CD4B8ED2AB}"
EndProject
Project("{FAE04EC0-301F-11D3-BF4B-00C04F79EFBC}") = "Tests.Unit", "Tests.Unit\Tests.Unit.csproj", "{16BA5D44-4C8F-4EF6-9633-C4502ED91A22}"
EndProject
Project("{2150E333-8FDC-42A3-9474-1A3956D46DE8}") = "Logging", "Logging", "{D07584C3-F6D5-472C-8515-7D38F4C54F11}"
EndProject
Project("{FAE04EC0-301F-11D3-BF4B-00C04F79EFBC}") = "Bss.Platform.Logging", "Bss.Platform.Logging\Bss.Platform.Logging.csproj", "{2417B26C-C12D-4E63-8996-395DD78F81A1}"
EndProject
Project("{2150E333-8FDC-42A3-9474-1A3956D46DE8}") = "Api", "Api", "{8F22FE4E-8FD4-4309-8B47-C33AA6E52052}"
EndProject
Project("{FAE04EC0-301F-11D3-BF4B-00C04F79EFBC}") = "Bss.Platform.Api.Documentation", "Bss.Platform.Api.Documentation\Bss.Platform.Api.Documentation.csproj", "{0005DAE1-3F66-4A98-A11B-DEFDF2BD7EA3}"
EndProject
Project("{2150E333-8FDC-42A3-9474-1A3956D46DE8}") = "Kubernetes", "Kubernetes", "{51F57F48-6CDC-43E2-90DA-B73C12EA2185}"
EndProject
Project("{FAE04EC0-301F-11D3-BF4B-00C04F79EFBC}") = "Bss.Platform.Kubernetes", "Bss.Platform.Kubernetes\Bss.Platform.Kubernetes.csproj", "{1BD00077-8005-42E9-AEFE-62A21E057858}"
EndProject
Project("{FAE04EC0-301F-11D3-BF4B-00C04F79EFBC}") = "Bss.Platform.Api.Middlewares", "Bss.Platform.Api.Middlewares\Bss.Platform.Api.Middlewares.csproj", "{285EBB7B-6B2A-453E-98F6-30AC38317A76}"
EndProject
Project("{2150E333-8FDC-42A3-9474-1A3956D46DE8}") = "Events", "Events", "{80AA8C01-842D-4A5F-BCBE-48E0361783A0}"
EndProject
Project("{FAE04EC0-301F-11D3-BF4B-00C04F79EFBC}") = "Bss.Platform.Events", "Bss.Platform.Events\Bss.Platform.Events.csproj", "{51668BE6-C4A4-4E62-9BEC-529C33A434DB}"
EndProject
Project("{FAE04EC0-301F-11D3-BF4B-00C04F79EFBC}") = "Bss.Platform.Events.Abstractions", "Bss.Platform.Events.Abstractions\Bss.Platform.Events.Abstractions.csproj", "{BE2E219F-3F3B-48E8-B13B-A71321BB6372}"
EndProject
Global
	GlobalSection(SolutionConfigurationPlatforms) = preSolution
		Debug|Any CPU = Debug|Any CPU
		Release|Any CPU = Release|Any CPU
	EndGlobalSection
	GlobalSection(NestedProjects) = preSolution
		{860BFBD8-26EA-44F9-980E-21B828FC8F72} = {0F54786D-AB46-46AC-88DF-BEB789A62C1F}
		{EF6932F4-67BD-422D-B2D8-0DA4CE98181A} = {0F54786D-AB46-46AC-88DF-BEB789A62C1F}
		{5B028860-35C4-43CF-AA63-830A66D83E46} = {1E012CC2-9AD1-491A-9D6B-8E3215347B97}
		{16BA5D44-4C8F-4EF6-9633-C4502ED91A22} = {C53E37ED-7EFD-4383-9D89-A3CD4B8ED2AB}
		{2417B26C-C12D-4E63-8996-395DD78F81A1} = {D07584C3-F6D5-472C-8515-7D38F4C54F11}
		{0005DAE1-3F66-4A98-A11B-DEFDF2BD7EA3} = {8F22FE4E-8FD4-4309-8B47-C33AA6E52052}
		{1BD00077-8005-42E9-AEFE-62A21E057858} = {51F57F48-6CDC-43E2-90DA-B73C12EA2185}
		{285EBB7B-6B2A-453E-98F6-30AC38317A76} = {8F22FE4E-8FD4-4309-8B47-C33AA6E52052}
		{51668BE6-C4A4-4E62-9BEC-529C33A434DB} = {80AA8C01-842D-4A5F-BCBE-48E0361783A0}
		{BE2E219F-3F3B-48E8-B13B-A71321BB6372} = {80AA8C01-842D-4A5F-BCBE-48E0361783A0}
	EndGlobalSection
	GlobalSection(ProjectConfigurationPlatforms) = postSolution
		{860BFBD8-26EA-44F9-980E-21B828FC8F72}.Debug|Any CPU.ActiveCfg = Debug|Any CPU
		{860BFBD8-26EA-44F9-980E-21B828FC8F72}.Debug|Any CPU.Build.0 = Debug|Any CPU
		{860BFBD8-26EA-44F9-980E-21B828FC8F72}.Release|Any CPU.ActiveCfg = Release|Any CPU
		{860BFBD8-26EA-44F9-980E-21B828FC8F72}.Release|Any CPU.Build.0 = Release|Any CPU
		{EF6932F4-67BD-422D-B2D8-0DA4CE98181A}.Debug|Any CPU.ActiveCfg = Debug|Any CPU
		{EF6932F4-67BD-422D-B2D8-0DA4CE98181A}.Debug|Any CPU.Build.0 = Debug|Any CPU
		{EF6932F4-67BD-422D-B2D8-0DA4CE98181A}.Release|Any CPU.ActiveCfg = Release|Any CPU
		{EF6932F4-67BD-422D-B2D8-0DA4CE98181A}.Release|Any CPU.Build.0 = Release|Any CPU
		{5B028860-35C4-43CF-AA63-830A66D83E46}.Debug|Any CPU.ActiveCfg = Debug|Any CPU
		{5B028860-35C4-43CF-AA63-830A66D83E46}.Debug|Any CPU.Build.0 = Debug|Any CPU
		{5B028860-35C4-43CF-AA63-830A66D83E46}.Release|Any CPU.ActiveCfg = Release|Any CPU
		{5B028860-35C4-43CF-AA63-830A66D83E46}.Release|Any CPU.Build.0 = Release|Any CPU
		{16BA5D44-4C8F-4EF6-9633-C4502ED91A22}.Debug|Any CPU.ActiveCfg = Debug|Any CPU
		{16BA5D44-4C8F-4EF6-9633-C4502ED91A22}.Debug|Any CPU.Build.0 = Debug|Any CPU
		{16BA5D44-4C8F-4EF6-9633-C4502ED91A22}.Release|Any CPU.ActiveCfg = Release|Any CPU
		{16BA5D44-4C8F-4EF6-9633-C4502ED91A22}.Release|Any CPU.Build.0 = Release|Any CPU
		{2417B26C-C12D-4E63-8996-395DD78F81A1}.Debug|Any CPU.ActiveCfg = Debug|Any CPU
		{2417B26C-C12D-4E63-8996-395DD78F81A1}.Debug|Any CPU.Build.0 = Debug|Any CPU
		{2417B26C-C12D-4E63-8996-395DD78F81A1}.Release|Any CPU.ActiveCfg = Release|Any CPU
		{2417B26C-C12D-4E63-8996-395DD78F81A1}.Release|Any CPU.Build.0 = Release|Any CPU
		{0005DAE1-3F66-4A98-A11B-DEFDF2BD7EA3}.Debug|Any CPU.ActiveCfg = Debug|Any CPU
		{0005DAE1-3F66-4A98-A11B-DEFDF2BD7EA3}.Debug|Any CPU.Build.0 = Debug|Any CPU
		{0005DAE1-3F66-4A98-A11B-DEFDF2BD7EA3}.Release|Any CPU.ActiveCfg = Release|Any CPU
		{0005DAE1-3F66-4A98-A11B-DEFDF2BD7EA3}.Release|Any CPU.Build.0 = Release|Any CPU
		{1BD00077-8005-42E9-AEFE-62A21E057858}.Debug|Any CPU.ActiveCfg = Debug|Any CPU
		{1BD00077-8005-42E9-AEFE-62A21E057858}.Debug|Any CPU.Build.0 = Debug|Any CPU
		{1BD00077-8005-42E9-AEFE-62A21E057858}.Release|Any CPU.ActiveCfg = Release|Any CPU
		{1BD00077-8005-42E9-AEFE-62A21E057858}.Release|Any CPU.Build.0 = Release|Any CPU
		{285EBB7B-6B2A-453E-98F6-30AC38317A76}.Debug|Any CPU.ActiveCfg = Debug|Any CPU
		{285EBB7B-6B2A-453E-98F6-30AC38317A76}.Debug|Any CPU.Build.0 = Debug|Any CPU
		{285EBB7B-6B2A-453E-98F6-30AC38317A76}.Release|Any CPU.ActiveCfg = Release|Any CPU
		{285EBB7B-6B2A-453E-98F6-30AC38317A76}.Release|Any CPU.Build.0 = Release|Any CPU
		{51668BE6-C4A4-4E62-9BEC-529C33A434DB}.Debug|Any CPU.ActiveCfg = Debug|Any CPU
		{51668BE6-C4A4-4E62-9BEC-529C33A434DB}.Debug|Any CPU.Build.0 = Debug|Any CPU
		{51668BE6-C4A4-4E62-9BEC-529C33A434DB}.Release|Any CPU.ActiveCfg = Release|Any CPU
		{51668BE6-C4A4-4E62-9BEC-529C33A434DB}.Release|Any CPU.Build.0 = Release|Any CPU
		{BE2E219F-3F3B-48E8-B13B-A71321BB6372}.Debug|Any CPU.ActiveCfg = Debug|Any CPU
		{BE2E219F-3F3B-48E8-B13B-A71321BB6372}.Debug|Any CPU.Build.0 = Debug|Any CPU
		{BE2E219F-3F3B-48E8-B13B-A71321BB6372}.Release|Any CPU.ActiveCfg = Release|Any CPU
		{BE2E219F-3F3B-48E8-B13B-A71321BB6372}.Release|Any CPU.Build.0 = Release|Any CPU
	EndGlobalSection
EndGlobal
